
Microsoft Visual Studio Solution File, Format Version 12.00
# Visual Studio Version 16
VisualStudioVersion = 16.0.31005.135
MinimumVisualStudioVersion = 10.0.40219.1
Project("{9A19103F-16F7-4668-BE54-9A1E7A4F7556}") = "Bookstore", "Bookstore.csproj", "{ADE5255C-3D26-405C-9978-7DB06847DD6A}"
EndProject
Global
	GlobalSection(SolutionConfigurationPlatforms) = preSolution
		Debug|Any CPU = Debug|Any CPU
		Release|Any CPU = Release|Any CPU
	EndGlobalSection
	GlobalSection(ProjectConfigurationPlatforms) = postSolution
		{ADE5255C-3D26-405C-9978-7DB06847DD6A}.Debug|Any CPU.ActiveCfg = Debug|Any CPU
		{ADE5255C-3D26-405C-9978-7DB06847DD6A}.Debug|Any CPU.Build.0 = Debug|Any CPU
		{ADE5255C-3D26-405C-9978-7DB06847DD6A}.Release|Any CPU.ActiveCfg = Release|Any CPU
		{ADE5255C-3D26-405C-9978-7DB06847DD6A}.Release|Any CPU.Build.0 = Release|Any CPU
	EndGlobalSection
	GlobalSection(SolutionProperties) = preSolution
		HideSolutionNode = FALSE
	EndGlobalSection
	GlobalSection(ExtensibilityGlobals) = postSolution
		SolutionGuid = {FBCF05DF-56A6-46B9-8583-DC9CDFF908BB}
	EndGlobalSection
EndGlobal
